// !$*UTF8*$!
{
	archiveVersion = 1;
	classes = {
	};
	objectVersion = 48;
	objects = {

/* Begin PBXBuildFile section */
		2A58F0931FDFD1040024D33E /* BankServiceProviderTests.swift in Sources */ = {isa = PBXBuildFile; fileRef = 2A58F0921FDFD1040024D33E /* BankServiceProviderTests.swift */; };
		2A58F0971FDFDD4C0024D33E /* BankServiceProviderAuthenticationProvider.swift in Sources */ = {isa = PBXBuildFile; fileRef = 2A58F0961FDFDD4C0024D33E /* BankServiceProviderAuthenticationProvider.swift */; };
		2A58F0991FDFDDA10024D33E /* SupportedBankServicesProvider.swift in Sources */ = {isa = PBXBuildFile; fileRef = 2A58F0981FDFDDA10024D33E /* SupportedBankServicesProvider.swift */; };
		2A58F09C1FDFDE540024D33E /* BankServiceProviderAuthenticationResult.swift in Sources */ = {isa = PBXBuildFile; fileRef = 2A58F09B1FDFDE540024D33E /* BankServiceProviderAuthenticationResult.swift */; };
		2A58F09E1FDFDE5D0024D33E /* BankServiceProviderAuthenticationResultTests.swift in Sources */ = {isa = PBXBuildFile; fileRef = 2A58F09D1FDFDE5D0024D33E /* BankServiceProviderAuthenticationResultTests.swift */; };
		2A58F0A21FDFDF020024D33E /* ConnectedBankServiceProvider.swift in Sources */ = {isa = PBXBuildFile; fileRef = 2A58F0A11FDFDF020024D33E /* ConnectedBankServiceProvider.swift */; };
		2A58F0A61FDFE1A70024D33E /* BankingRequest.swift in Sources */ = {isa = PBXBuildFile; fileRef = 2A58F0A51FDFE1A70024D33E /* BankingRequest.swift */; };
		2A58F0A91FDFE1CE0024D33E /* BankingRequestTests.swift in Sources */ = {isa = PBXBuildFile; fileRef = 2A58F0A81FDFE1CE0024D33E /* BankingRequestTests.swift */; };
		2A58F0AB1FDFE44B0024D33E /* BankingRequestResult.swift in Sources */ = {isa = PBXBuildFile; fileRef = 2A58F0AA1FDFE44B0024D33E /* BankingRequestResult.swift */; };
		2A58F0AD1FDFE6FA0024D33E /* BankingRequestResultTests.swift in Sources */ = {isa = PBXBuildFile; fileRef = 2A58F0AC1FDFE6FA0024D33E /* BankingRequestResultTests.swift */; };
		2A58F0B01FE002900024D33E /* DeepLinkHandlerTests.swift in Sources */ = {isa = PBXBuildFile; fileRef = 2A58F0AF1FE002900024D33E /* DeepLinkHandlerTests.swift */; };
		2A58F0B21FE002F90024D33E /* BankServiceProviderAuthenticationProviderTests.swift in Sources */ = {isa = PBXBuildFile; fileRef = 2A58F0B11FE002F90024D33E /* BankServiceProviderAuthenticationProviderTests.swift */; };
		2A58F0B41FE003650024D33E /* ConnectedBankServiceProviderTests.swift in Sources */ = {isa = PBXBuildFile; fileRef = 2A58F0B31FE003650024D33E /* ConnectedBankServiceProviderTests.swift */; };
		2A58F0B71FE003B10024D33E /* SupportedBankServicesProviderTests.swift in Sources */ = {isa = PBXBuildFile; fileRef = 2A58F0B61FE003B10024D33E /* SupportedBankServicesProviderTests.swift */; };
		2A58F0B91FE003F50024D33E /* AccountNumberTests.swift in Sources */ = {isa = PBXBuildFile; fileRef = 2A58F0B81FE003F50024D33E /* AccountNumberTests.swift */; };
		2A58F0BB1FE004430024D33E /* BankAccountTypeTests.swift in Sources */ = {isa = PBXBuildFile; fileRef = 2A58F0BA1FE004430024D33E /* BankAccountTypeTests.swift */; };
		2A58F0BD1FE004A70024D33E /* CurrencyTests.swift in Sources */ = {isa = PBXBuildFile; fileRef = 2A58F0BC1FE004A70024D33E /* CurrencyTests.swift */; };
		2A58F0C21FE007E70024D33E /* AccountNumberMock.swift in Sources */ = {isa = PBXBuildFile; fileRef = 2A58F0C01FE007410024D33E /* AccountNumberMock.swift */; };
		2A58F0C51FE008E30024D33E /* IBANValidator.swift in Sources */ = {isa = PBXBuildFile; fileRef = 2A58F0C41FE008E30024D33E /* IBANValidator.swift */; };
		2A58F0C71FE00A800024D33E /* BankServiceConnectionInformation.swift in Sources */ = {isa = PBXBuildFile; fileRef = 2A58F0C61FE00A800024D33E /* BankServiceConnectionInformation.swift */; };
		2A58F0C91FE00B5D0024D33E /* BankServiceProviderConnector.swift in Sources */ = {isa = PBXBuildFile; fileRef = 2A58F0C81FE00B5D0024D33E /* BankServiceProviderConnector.swift */; };
		2A58F0CB1FE00BD80024D33E /* OBankingConnector.swift in Sources */ = {isa = PBXBuildFile; fileRef = 2A58F0CA1FE00BD80024D33E /* OBankingConnector.swift */; };
		2A58F0CD1FE00BF30024D33E /* OBankingConnector+Configuration.swift in Sources */ = {isa = PBXBuildFile; fileRef = 2A58F0CC1FE00BF30024D33E /* OBankingConnector+Configuration.swift */; };
		2A58F0D21FE0101B0024D33E /* DefaultDeepLinkHandler.swift in Sources */ = {isa = PBXBuildFile; fileRef = 2A58F0D11FE0101B0024D33E /* DefaultDeepLinkHandler.swift */; };
		2A58F0D41FE012950024D33E /* DeepLinkProvider.swift in Sources */ = {isa = PBXBuildFile; fileRef = 2A58F0D31FE012950024D33E /* DeepLinkProvider.swift */; };
		2A58F0D81FE012D10024D33E /* DefaultDeepLinkHandlerTests.swift in Sources */ = {isa = PBXBuildFile; fileRef = 2A58F0D71FE012D10024D33E /* DefaultDeepLinkHandlerTests.swift */; };
		2AECE54E1FDDCF0000FEEC14 /* OBankingConnector.framework in Frameworks */ = {isa = PBXBuildFile; fileRef = 2AECE5441FDDCF0000FEEC14 /* OBankingConnector.framework */; };
		2AECE5551FDDCF0000FEEC14 /* OBankingConnector.h in Headers */ = {isa = PBXBuildFile; fileRef = 2AECE5471FDDCF0000FEEC14 /* OBankingConnector.h */; settings = {ATTRIBUTES = (Public, ); }; };
		2AECE5621FDDD04500FEEC14 /* Bank.swift in Sources */ = {isa = PBXBuildFile; fileRef = 2AECE5611FDDD04500FEEC14 /* Bank.swift */; };
		2AECE5641FDDD13900FEEC14 /* BankServiceProvider.swift in Sources */ = {isa = PBXBuildFile; fileRef = 2AECE5631FDDD13900FEEC14 /* BankServiceProvider.swift */; };
		2AECE5681FDDD28400FEEC14 /* Currency.swift in Sources */ = {isa = PBXBuildFile; fileRef = 2AECE5671FDDD28400FEEC14 /* Currency.swift */; };
		2AECE56D1FDDD43200FEEC14 /* BankTests.swift in Sources */ = {isa = PBXBuildFile; fileRef = 2AECE56C1FDDD43200FEEC14 /* BankTests.swift */; };
		2AECE5801FDDDA3C00FEEC14 /* DeepLinkHandler.swift in Sources */ = {isa = PBXBuildFile; fileRef = 2AECE57F1FDDDA3C00FEEC14 /* DeepLinkHandler.swift */; };
		2AECE5871FDDDDFA00FEEC14 /* BankAccount.swift in Sources */ = {isa = PBXBuildFile; fileRef = 2AECE5861FDDDDFA00FEEC14 /* BankAccount.swift */; };
		2AECE58B1FDDDE8B00FEEC14 /* BankAccountTests.swift in Sources */ = {isa = PBXBuildFile; fileRef = 2AECE58A1FDDDE8B00FEEC14 /* BankAccountTests.swift */; };
		2AECE58F1FDDDF2300FEEC14 /* AccountNumber.swift in Sources */ = {isa = PBXBuildFile; fileRef = 2AECE58E1FDDDF2300FEEC14 /* AccountNumber.swift */; };
		2AECE5911FDDDFC500FEEC14 /* SepaAccountNumberTests.swift in Sources */ = {isa = PBXBuildFile; fileRef = 2AECE5901FDDDFC500FEEC14 /* SepaAccountNumberTests.swift */; };
		2AECE5931FDDDFE300FEEC14 /* SepaAccountNumber.swift in Sources */ = {isa = PBXBuildFile; fileRef = 2AECE5921FDDDFE300FEEC14 /* SepaAccountNumber.swift */; };
		2AECE5951FDDE07400FEEC14 /* AmountTests.swift in Sources */ = {isa = PBXBuildFile; fileRef = 2AECE5941FDDE07400FEEC14 /* AmountTests.swift */; };
		2AECE5971FDDE0DE00FEEC14 /* Amount.swift in Sources */ = {isa = PBXBuildFile; fileRef = 2AECE5961FDDE0DE00FEEC14 /* Amount.swift */; };
		2AECE5991FDDE19300FEEC14 /* BankAccountType.swift in Sources */ = {isa = PBXBuildFile; fileRef = 2AECE5981FDDE19300FEEC14 /* BankAccountType.swift */; };
		2AECE59B1FDDE43F00FEEC14 /* AmountSampleTests.swift in Sources */ = {isa = PBXBuildFile; fileRef = 2AECE59A1FDDE43F00FEEC14 /* AmountSampleTests.swift */; };
		2AECE59D1FDDE48500FEEC14 /* AmountSample.swift in Sources */ = {isa = PBXBuildFile; fileRef = 2AECE59C1FDDE48500FEEC14 /* AmountSample.swift */; };
		2AECE59F1FDDE6E400FEEC14 /* ExchangeRateInformationTests.swift in Sources */ = {isa = PBXBuildFile; fileRef = 2AECE59E1FDDE6E400FEEC14 /* ExchangeRateInformationTests.swift */; };
		2AECE5A11FDDE74C00FEEC14 /* ExchangeRateInformation.swift in Sources */ = {isa = PBXBuildFile; fileRef = 2AECE5A01FDDE74C00FEEC14 /* ExchangeRateInformation.swift */; };
		2AECE5A31FDDE90B00FEEC14 /* TransactionTests.swift in Sources */ = {isa = PBXBuildFile; fileRef = 2AECE5A21FDDE90B00FEEC14 /* TransactionTests.swift */; };
		2AECE5A51FDDE9B500FEEC14 /* Transaction.swift in Sources */ = {isa = PBXBuildFile; fileRef = 2AECE5A41FDDE9B500FEEC14 /* Transaction.swift */; };
		2AECE5A71FDDEA0700FEEC14 /* TransactionTextType.swift in Sources */ = {isa = PBXBuildFile; fileRef = 2AECE5A61FDDEA0700FEEC14 /* TransactionTextType.swift */; };
		490DBF35F0CCB727C605D8C6 /* Pods_OBankingConnector.framework in Frameworks */ = {isa = PBXBuildFile; fileRef = 2B0559B6D012B841B1F27C39 /* Pods_OBankingConnector.framework */; };
		529A914CAB1BC4E3BEF699B3 /* Pods_OBankingConnectorTests.framework in Frameworks */ = {isa = PBXBuildFile; fileRef = D42217200CE96E8FABF03F97 /* Pods_OBankingConnectorTests.framework */; };
/* End PBXBuildFile section */

/* Begin PBXContainerItemProxy section */
		2AECE54F1FDDCF0000FEEC14 /* PBXContainerItemProxy */ = {
			isa = PBXContainerItemProxy;
			containerPortal = 2AECE53B1FDDCF0000FEEC14 /* Project object */;
			proxyType = 1;
			remoteGlobalIDString = 2AECE5431FDDCF0000FEEC14;
			remoteInfo = OBankingConnector;
		};
/* End PBXContainerItemProxy section */

/* Begin PBXFileReference section */
		1AC02DC9FEB83178885E671C /* Pods-OBankingConnector.release.xcconfig */ = {isa = PBXFileReference; includeInIndex = 1; lastKnownFileType = text.xcconfig; name = "Pods-OBankingConnector.release.xcconfig"; path = "Pods/Target Support Files/Pods-OBankingConnector/Pods-OBankingConnector.release.xcconfig"; sourceTree = "<group>"; };
		1ED8EEB6E8E4D11A08CD3FD6 /* Pods-OBankingConnectorTests.debug.xcconfig */ = {isa = PBXFileReference; includeInIndex = 1; lastKnownFileType = text.xcconfig; name = "Pods-OBankingConnectorTests.debug.xcconfig"; path = "Pods/Target Support Files/Pods-OBankingConnectorTests/Pods-OBankingConnectorTests.debug.xcconfig"; sourceTree = "<group>"; };
		2A58F0921FDFD1040024D33E /* BankServiceProviderTests.swift */ = {isa = PBXFileReference; lastKnownFileType = sourcecode.swift; path = BankServiceProviderTests.swift; sourceTree = "<group>"; };
		2A58F0961FDFDD4C0024D33E /* BankServiceProviderAuthenticationProvider.swift */ = {isa = PBXFileReference; lastKnownFileType = sourcecode.swift; path = BankServiceProviderAuthenticationProvider.swift; sourceTree = "<group>"; };
		2A58F0981FDFDDA10024D33E /* SupportedBankServicesProvider.swift */ = {isa = PBXFileReference; lastKnownFileType = sourcecode.swift; path = SupportedBankServicesProvider.swift; sourceTree = "<group>"; };
		2A58F09B1FDFDE540024D33E /* BankServiceProviderAuthenticationResult.swift */ = {isa = PBXFileReference; lastKnownFileType = sourcecode.swift; path = BankServiceProviderAuthenticationResult.swift; sourceTree = "<group>"; };
		2A58F09D1FDFDE5D0024D33E /* BankServiceProviderAuthenticationResultTests.swift */ = {isa = PBXFileReference; lastKnownFileType = sourcecode.swift; path = BankServiceProviderAuthenticationResultTests.swift; sourceTree = "<group>"; };
		2A58F0A11FDFDF020024D33E /* ConnectedBankServiceProvider.swift */ = {isa = PBXFileReference; lastKnownFileType = sourcecode.swift; path = ConnectedBankServiceProvider.swift; sourceTree = "<group>"; };
		2A58F0A51FDFE1A70024D33E /* BankingRequest.swift */ = {isa = PBXFileReference; lastKnownFileType = sourcecode.swift; path = BankingRequest.swift; sourceTree = "<group>"; };
		2A58F0A81FDFE1CE0024D33E /* BankingRequestTests.swift */ = {isa = PBXFileReference; lastKnownFileType = sourcecode.swift; path = BankingRequestTests.swift; sourceTree = "<group>"; };
		2A58F0AA1FDFE44B0024D33E /* BankingRequestResult.swift */ = {isa = PBXFileReference; lastKnownFileType = sourcecode.swift; path = BankingRequestResult.swift; sourceTree = "<group>"; };
		2A58F0AC1FDFE6FA0024D33E /* BankingRequestResultTests.swift */ = {isa = PBXFileReference; lastKnownFileType = sourcecode.swift; path = BankingRequestResultTests.swift; sourceTree = "<group>"; };
		2A58F0AF1FE002900024D33E /* DeepLinkHandlerTests.swift */ = {isa = PBXFileReference; lastKnownFileType = sourcecode.swift; path = DeepLinkHandlerTests.swift; sourceTree = "<group>"; };
		2A58F0B11FE002F90024D33E /* BankServiceProviderAuthenticationProviderTests.swift */ = {isa = PBXFileReference; lastKnownFileType = sourcecode.swift; path = BankServiceProviderAuthenticationProviderTests.swift; sourceTree = "<group>"; };
		2A58F0B31FE003650024D33E /* ConnectedBankServiceProviderTests.swift */ = {isa = PBXFileReference; lastKnownFileType = sourcecode.swift; path = ConnectedBankServiceProviderTests.swift; sourceTree = "<group>"; };
		2A58F0B61FE003B10024D33E /* SupportedBankServicesProviderTests.swift */ = {isa = PBXFileReference; lastKnownFileType = sourcecode.swift; path = SupportedBankServicesProviderTests.swift; sourceTree = "<group>"; };
		2A58F0B81FE003F50024D33E /* AccountNumberTests.swift */ = {isa = PBXFileReference; lastKnownFileType = sourcecode.swift; path = AccountNumberTests.swift; sourceTree = "<group>"; };
		2A58F0BA1FE004430024D33E /* BankAccountTypeTests.swift */ = {isa = PBXFileReference; lastKnownFileType = sourcecode.swift; path = BankAccountTypeTests.swift; sourceTree = "<group>"; };
		2A58F0BC1FE004A70024D33E /* CurrencyTests.swift */ = {isa = PBXFileReference; lastKnownFileType = sourcecode.swift; path = CurrencyTests.swift; sourceTree = "<group>"; };
		2A58F0C01FE007410024D33E /* AccountNumberMock.swift */ = {isa = PBXFileReference; lastKnownFileType = sourcecode.swift; path = AccountNumberMock.swift; sourceTree = "<group>"; };
		2A58F0C41FE008E30024D33E /* IBANValidator.swift */ = {isa = PBXFileReference; lastKnownFileType = sourcecode.swift; path = IBANValidator.swift; sourceTree = "<group>"; };
		2A58F0C61FE00A800024D33E /* BankServiceConnectionInformation.swift */ = {isa = PBXFileReference; lastKnownFileType = sourcecode.swift; path = BankServiceConnectionInformation.swift; sourceTree = "<group>"; };
		2A58F0C81FE00B5D0024D33E /* BankServiceProviderConnector.swift */ = {isa = PBXFileReference; lastKnownFileType = sourcecode.swift; path = BankServiceProviderConnector.swift; sourceTree = "<group>"; };
		2A58F0CA1FE00BD80024D33E /* OBankingConnector.swift */ = {isa = PBXFileReference; lastKnownFileType = sourcecode.swift; path = OBankingConnector.swift; sourceTree = "<group>"; };
		2A58F0CC1FE00BF30024D33E /* OBankingConnector+Configuration.swift */ = {isa = PBXFileReference; lastKnownFileType = sourcecode.swift; path = "OBankingConnector+Configuration.swift"; sourceTree = "<group>"; };
		2A58F0D11FE0101B0024D33E /* DefaultDeepLinkHandler.swift */ = {isa = PBXFileReference; lastKnownFileType = sourcecode.swift; path = DefaultDeepLinkHandler.swift; sourceTree = "<group>"; };
		2A58F0D31FE012950024D33E /* DeepLinkProvider.swift */ = {isa = PBXFileReference; lastKnownFileType = sourcecode.swift; path = DeepLinkProvider.swift; sourceTree = "<group>"; };
		2A58F0D71FE012D10024D33E /* DefaultDeepLinkHandlerTests.swift */ = {isa = PBXFileReference; lastKnownFileType = sourcecode.swift; path = DefaultDeepLinkHandlerTests.swift; sourceTree = "<group>"; };
		2AECE5441FDDCF0000FEEC14 /* OBankingConnector.framework */ = {isa = PBXFileReference; explicitFileType = wrapper.framework; includeInIndex = 0; path = OBankingConnector.framework; sourceTree = BUILT_PRODUCTS_DIR; };
		2AECE5471FDDCF0000FEEC14 /* OBankingConnector.h */ = {isa = PBXFileReference; lastKnownFileType = sourcecode.c.h; path = OBankingConnector.h; sourceTree = "<group>"; };
		2AECE5481FDDCF0000FEEC14 /* Info.plist */ = {isa = PBXFileReference; lastKnownFileType = text.plist.xml; path = Info.plist; sourceTree = "<group>"; };
		2AECE54D1FDDCF0000FEEC14 /* OBankingConnectorTests.xctest */ = {isa = PBXFileReference; explicitFileType = wrapper.cfbundle; includeInIndex = 0; path = OBankingConnectorTests.xctest; sourceTree = BUILT_PRODUCTS_DIR; };
		2AECE5541FDDCF0000FEEC14 /* Info.plist */ = {isa = PBXFileReference; lastKnownFileType = text.plist.xml; path = Info.plist; sourceTree = "<group>"; };
		2AECE55F1FDDCF6700FEEC14 /* README.md */ = {isa = PBXFileReference; lastKnownFileType = net.daringfireball.markdown; path = README.md; sourceTree = "<group>"; };
		2AECE5601FDDCF8000FEEC14 /* OBankingConnector.podspec */ = {isa = PBXFileReference; lastKnownFileType = text; path = OBankingConnector.podspec; sourceTree = "<group>"; };
		2AECE5611FDDD04500FEEC14 /* Bank.swift */ = {isa = PBXFileReference; lastKnownFileType = sourcecode.swift; path = Bank.swift; sourceTree = "<group>"; };
		2AECE5631FDDD13900FEEC14 /* BankServiceProvider.swift */ = {isa = PBXFileReference; lastKnownFileType = sourcecode.swift; path = BankServiceProvider.swift; sourceTree = "<group>"; };
		2AECE5671FDDD28400FEEC14 /* Currency.swift */ = {isa = PBXFileReference; lastKnownFileType = sourcecode.swift; path = Currency.swift; sourceTree = "<group>"; };
		2AECE56B1FDDD43200FEEC14 /* OBankingConnectorTests-Bridging-Header.h */ = {isa = PBXFileReference; lastKnownFileType = sourcecode.c.h; path = "OBankingConnectorTests-Bridging-Header.h"; sourceTree = "<group>"; };
		2AECE56C1FDDD43200FEEC14 /* BankTests.swift */ = {isa = PBXFileReference; lastKnownFileType = sourcecode.swift; path = BankTests.swift; sourceTree = "<group>"; };
		2AECE5751FDDD7DB00FEEC14 /* DefaultOAuth2BankServiceProvider.swift */ = {isa = PBXFileReference; lastKnownFileType = sourcecode.swift; path = DefaultOAuth2BankServiceProvider.swift; sourceTree = "<group>"; };
		2AECE57F1FDDDA3C00FEEC14 /* DeepLinkHandler.swift */ = {isa = PBXFileReference; lastKnownFileType = sourcecode.swift; path = DeepLinkHandler.swift; sourceTree = "<group>"; };
		2AECE5861FDDDDFA00FEEC14 /* BankAccount.swift */ = {isa = PBXFileReference; lastKnownFileType = sourcecode.swift; path = BankAccount.swift; sourceTree = "<group>"; };
		2AECE58A1FDDDE8B00FEEC14 /* BankAccountTests.swift */ = {isa = PBXFileReference; lastKnownFileType = sourcecode.swift; path = BankAccountTests.swift; sourceTree = "<group>"; };
		2AECE58E1FDDDF2300FEEC14 /* AccountNumber.swift */ = {isa = PBXFileReference; lastKnownFileType = sourcecode.swift; path = AccountNumber.swift; sourceTree = "<group>"; };
		2AECE5901FDDDFC500FEEC14 /* SepaAccountNumberTests.swift */ = {isa = PBXFileReference; lastKnownFileType = sourcecode.swift; path = SepaAccountNumberTests.swift; sourceTree = "<group>"; };
		2AECE5921FDDDFE300FEEC14 /* SepaAccountNumber.swift */ = {isa = PBXFileReference; lastKnownFileType = sourcecode.swift; path = SepaAccountNumber.swift; sourceTree = "<group>"; };
		2AECE5941FDDE07400FEEC14 /* AmountTests.swift */ = {isa = PBXFileReference; lastKnownFileType = sourcecode.swift; path = AmountTests.swift; sourceTree = "<group>"; };
		2AECE5961FDDE0DE00FEEC14 /* Amount.swift */ = {isa = PBXFileReference; lastKnownFileType = sourcecode.swift; path = Amount.swift; sourceTree = "<group>"; };
		2AECE5981FDDE19300FEEC14 /* BankAccountType.swift */ = {isa = PBXFileReference; lastKnownFileType = sourcecode.swift; path = BankAccountType.swift; sourceTree = "<group>"; };
		2AECE59A1FDDE43F00FEEC14 /* AmountSampleTests.swift */ = {isa = PBXFileReference; lastKnownFileType = sourcecode.swift; path = AmountSampleTests.swift; sourceTree = "<group>"; };
		2AECE59C1FDDE48500FEEC14 /* AmountSample.swift */ = {isa = PBXFileReference; lastKnownFileType = sourcecode.swift; path = AmountSample.swift; sourceTree = "<group>"; };
		2AECE59E1FDDE6E400FEEC14 /* ExchangeRateInformationTests.swift */ = {isa = PBXFileReference; lastKnownFileType = sourcecode.swift; path = ExchangeRateInformationTests.swift; sourceTree = "<group>"; };
		2AECE5A01FDDE74C00FEEC14 /* ExchangeRateInformation.swift */ = {isa = PBXFileReference; lastKnownFileType = sourcecode.swift; path = ExchangeRateInformation.swift; sourceTree = "<group>"; };
		2AECE5A21FDDE90B00FEEC14 /* TransactionTests.swift */ = {isa = PBXFileReference; lastKnownFileType = sourcecode.swift; path = TransactionTests.swift; sourceTree = "<group>"; };
		2AECE5A41FDDE9B500FEEC14 /* Transaction.swift */ = {isa = PBXFileReference; lastKnownFileType = sourcecode.swift; path = Transaction.swift; sourceTree = "<group>"; };
		2AECE5A61FDDEA0700FEEC14 /* TransactionTextType.swift */ = {isa = PBXFileReference; lastKnownFileType = sourcecode.swift; path = TransactionTextType.swift; sourceTree = "<group>"; };
		2B0559B6D012B841B1F27C39 /* Pods_OBankingConnector.framework */ = {isa = PBXFileReference; explicitFileType = wrapper.framework; includeInIndex = 0; path = Pods_OBankingConnector.framework; sourceTree = BUILT_PRODUCTS_DIR; };
		2E730EB8A52B89D35AB39571 /* Pods-OBankingConnectorTests.release.xcconfig */ = {isa = PBXFileReference; includeInIndex = 1; lastKnownFileType = text.xcconfig; name = "Pods-OBankingConnectorTests.release.xcconfig"; path = "Pods/Target Support Files/Pods-OBankingConnectorTests/Pods-OBankingConnectorTests.release.xcconfig"; sourceTree = "<group>"; };
		87C1E31F89EFE96FD2528286 /* Pods-OBankingConnector.debug.xcconfig */ = {isa = PBXFileReference; includeInIndex = 1; lastKnownFileType = text.xcconfig; name = "Pods-OBankingConnector.debug.xcconfig"; path = "Pods/Target Support Files/Pods-OBankingConnector/Pods-OBankingConnector.debug.xcconfig"; sourceTree = "<group>"; };
		D42217200CE96E8FABF03F97 /* Pods_OBankingConnectorTests.framework */ = {isa = PBXFileReference; explicitFileType = wrapper.framework; includeInIndex = 0; path = Pods_OBankingConnectorTests.framework; sourceTree = BUILT_PRODUCTS_DIR; };
/* End PBXFileReference section */

/* Begin PBXFrameworksBuildPhase section */
		2AECE5401FDDCF0000FEEC14 /* Frameworks */ = {
			isa = PBXFrameworksBuildPhase;
			buildActionMask = 2147483647;
			files = (
				490DBF35F0CCB727C605D8C6 /* Pods_OBankingConnector.framework in Frameworks */,
			);
			runOnlyForDeploymentPostprocessing = 0;
		};
		2AECE54A1FDDCF0000FEEC14 /* Frameworks */ = {
			isa = PBXFrameworksBuildPhase;
			buildActionMask = 2147483647;
			files = (
				2AECE54E1FDDCF0000FEEC14 /* OBankingConnector.framework in Frameworks */,
				529A914CAB1BC4E3BEF699B3 /* Pods_OBankingConnectorTests.framework in Frameworks */,
			);
			runOnlyForDeploymentPostprocessing = 0;
		};
/* End PBXFrameworksBuildPhase section */

/* Begin PBXGroup section */
		2A58F0951FDFDD370024D33E /* Authentication */ = {
			isa = PBXGroup;
			children = (
				2A58F0961FDFDD4C0024D33E /* BankServiceProviderAuthenticationProvider.swift */,
				2A58F09B1FDFDE540024D33E /* BankServiceProviderAuthenticationResult.swift */,
			);
			path = Authentication;
			sourceTree = "<group>";
		};
		2A58F09A1FDFDE390024D33E /* Authentication */ = {
			isa = PBXGroup;
			children = (
				2A58F0B11FE002F90024D33E /* BankServiceProviderAuthenticationProviderTests.swift */,
				2A58F09D1FDFDE5D0024D33E /* BankServiceProviderAuthenticationResultTests.swift */,
			);
			path = Authentication;
			sourceTree = "<group>";
		};
		2A58F0A41FDFE16D0024D33E /* Connection */ = {
			isa = PBXGroup;
			children = (
				2A58F0A51FDFE1A70024D33E /* BankingRequest.swift */,
				2A58F0AA1FDFE44B0024D33E /* BankingRequestResult.swift */,
				2A58F0C61FE00A800024D33E /* BankServiceConnectionInformation.swift */,
				2A58F0C81FE00B5D0024D33E /* BankServiceProviderConnector.swift */,
				2A58F0A11FDFDF020024D33E /* ConnectedBankServiceProvider.swift */,
			);
			path = Connection;
			sourceTree = "<group>";
		};
		2A58F0A71FDFE1B50024D33E /* Connection */ = {
			isa = PBXGroup;
			children = (
				2A58F0AC1FDFE6FA0024D33E /* BankingRequestResultTests.swift */,
				2A58F0A81FDFE1CE0024D33E /* BankingRequestTests.swift */,
				2A58F0B31FE003650024D33E /* ConnectedBankServiceProviderTests.swift */,
			);
			path = Connection;
			sourceTree = "<group>";
		};
		2A58F0AE1FE0027D0024D33E /* DeepLinkHandling */ = {
			isa = PBXGroup;
			children = (
				2A58F0AF1FE002900024D33E /* DeepLinkHandlerTests.swift */,
			);
			path = DeepLinkHandling;
			sourceTree = "<group>";
		};
		2A58F0B51FE003A20024D33E /* Banking */ = {
			isa = PBXGroup;
			children = (
				2A58F0B61FE003B10024D33E /* SupportedBankServicesProviderTests.swift */,
			);
			path = Banking;
			sourceTree = "<group>";
		};
		2A58F0BE1FE0072E0024D33E /* Mocks */ = {
			isa = PBXGroup;
			children = (
				2A58F0BF1FE007320024D33E /* Entities */,
			);
			path = Mocks;
			sourceTree = "<group>";
		};
		2A58F0BF1FE007320024D33E /* Entities */ = {
			isa = PBXGroup;
			children = (
				2A58F0C01FE007410024D33E /* AccountNumberMock.swift */,
			);
			path = Entities;
			sourceTree = "<group>";
		};
		2A58F0C31FE008DC0024D33E /* Utitlities */ = {
			isa = PBXGroup;
			children = (
				2A58F0C41FE008E30024D33E /* IBANValidator.swift */,
			);
			path = Utitlities;
			sourceTree = "<group>";
		};
		2A58F0CE1FE00FC50024D33E /* Authentication */ = {
			isa = PBXGroup;
			children = (
				2A58F0CF1FE00FCC0024D33E /* OAuth2 */,
			);
			path = Authentication;
			sourceTree = "<group>";
		};
		2A58F0CF1FE00FCC0024D33E /* OAuth2 */ = {
			isa = PBXGroup;
			children = (
			);
			path = OAuth2;
			sourceTree = "<group>";
		};
		2A58F0D01FE010030024D33E /* DeepLinkHandling */ = {
			isa = PBXGroup;
			children = (
				2A58F0D11FE0101B0024D33E /* DefaultDeepLinkHandler.swift */,
				2A58F0D31FE012950024D33E /* DeepLinkProvider.swift */,
			);
			path = DeepLinkHandling;
			sourceTree = "<group>";
		};
		2A58F0D51FE012C10024D33E /* Platform */ = {
			isa = PBXGroup;
			children = (
				2A58F0D61FE012C60024D33E /* DeepLinkHandling */,
			);
			path = Platform;
			sourceTree = "<group>";
		};
		2A58F0D61FE012C60024D33E /* DeepLinkHandling */ = {
			isa = PBXGroup;
			children = (
				2A58F0D71FE012D10024D33E /* DefaultDeepLinkHandlerTests.swift */,
			);
			path = DeepLinkHandling;
			sourceTree = "<group>";
		};
		2AECE53A1FDDCF0000FEEC14 = {
			isa = PBXGroup;
			children = (
				2AECE55F1FDDCF6700FEEC14 /* README.md */,
				2AECE5601FDDCF8000FEEC14 /* OBankingConnector.podspec */,
				2AECE5461FDDCF0000FEEC14 /* OBankingConnector */,
				2AECE5511FDDCF0000FEEC14 /* Tests */,
				2AECE5451FDDCF0000FEEC14 /* Products */,
				D1C38122FA65E2AA43CA6033 /* Pods */,
				3520F1182C91B46089F8CB0A /* Frameworks */,
			);
			sourceTree = "<group>";
		};
		2AECE5451FDDCF0000FEEC14 /* Products */ = {
			isa = PBXGroup;
			children = (
				2AECE5441FDDCF0000FEEC14 /* OBankingConnector.framework */,
				2AECE54D1FDDCF0000FEEC14 /* OBankingConnectorTests.xctest */,
			);
			name = Products;
			sourceTree = "<group>";
		};
		2AECE5461FDDCF0000FEEC14 /* OBankingConnector */ = {
			isa = PBXGroup;
			children = (
				2A58F0CA1FE00BD80024D33E /* OBankingConnector.swift */,
				2A58F0CC1FE00BF30024D33E /* OBankingConnector+Configuration.swift */,
				2AECE57C1FDDD9D100FEEC14 /* Domain */,
				2AECE57B1FDDD9CA00FEEC14 /* Platform */,
				2AECE56F1FDDD48000FEEC14 /* Supporting Files */,
				2A58F0C31FE008DC0024D33E /* Utitlities */,
			);
			path = OBankingConnector;
			sourceTree = "<group>";
		};
		2AECE5511FDDCF0000FEEC14 /* Tests */ = {
			isa = PBXGroup;
			children = (
				2A58F0D51FE012C10024D33E /* Platform */,
				2A58F0BE1FE0072E0024D33E /* Mocks */,
				2AECE57D1FDDD9F100FEEC14 /* Domain */,
				2AECE56E1FDDD45400FEEC14 /* Supporting Files */,
			);
			path = Tests;
			sourceTree = "<group>";
		};
		2AECE55E1FDDCF4200FEEC14 /* Entities */ = {
			isa = PBXGroup;
			children = (
				2AECE58E1FDDDF2300FEEC14 /* AccountNumber.swift */,
				2AECE5961FDDE0DE00FEEC14 /* Amount.swift */,
				2AECE59C1FDDE48500FEEC14 /* AmountSample.swift */,
				2AECE5611FDDD04500FEEC14 /* Bank.swift */,
				2AECE5861FDDDDFA00FEEC14 /* BankAccount.swift */,
				2AECE5981FDDE19300FEEC14 /* BankAccountType.swift */,
				2AECE5631FDDD13900FEEC14 /* BankServiceProvider.swift */,
				2AECE5671FDDD28400FEEC14 /* Currency.swift */,
				2AECE5A01FDDE74C00FEEC14 /* ExchangeRateInformation.swift */,
				2AECE5921FDDDFE300FEEC14 /* SepaAccountNumber.swift */,
				2AECE5A41FDDE9B500FEEC14 /* Transaction.swift */,
				2AECE5A61FDDEA0700FEEC14 /* TransactionTextType.swift */,
			);
			path = Entities;
			sourceTree = "<group>";
		};
		2AECE56A1FDDD39300FEEC14 /* Entities */ = {
			isa = PBXGroup;
			children = (
				2A58F0B81FE003F50024D33E /* AccountNumberTests.swift */,
				2AECE59A1FDDE43F00FEEC14 /* AmountSampleTests.swift */,
				2AECE5941FDDE07400FEEC14 /* AmountTests.swift */,
				2AECE58A1FDDDE8B00FEEC14 /* BankAccountTests.swift */,
				2A58F0BA1FE004430024D33E /* BankAccountTypeTests.swift */,
				2A58F0921FDFD1040024D33E /* BankServiceProviderTests.swift */,
				2AECE56C1FDDD43200FEEC14 /* BankTests.swift */,
				2A58F0BC1FE004A70024D33E /* CurrencyTests.swift */,
				2AECE59E1FDDE6E400FEEC14 /* ExchangeRateInformationTests.swift */,
				2AECE5901FDDDFC500FEEC14 /* SepaAccountNumberTests.swift */,
				2AECE5A21FDDE90B00FEEC14 /* TransactionTests.swift */,
			);
			path = Entities;
			sourceTree = "<group>";
		};
		2AECE56E1FDDD45400FEEC14 /* Supporting Files */ = {
			isa = PBXGroup;
			children = (
				2AECE5541FDDCF0000FEEC14 /* Info.plist */,
				2AECE56B1FDDD43200FEEC14 /* OBankingConnectorTests-Bridging-Header.h */,
			);
			path = "Supporting Files";
			sourceTree = "<group>";
		};
		2AECE56F1FDDD48000FEEC14 /* Supporting Files */ = {
			isa = PBXGroup;
			children = (
				2AECE5471FDDCF0000FEEC14 /* OBankingConnector.h */,
				2AECE5481FDDCF0000FEEC14 /* Info.plist */,
			);
			path = "Supporting Files";
			sourceTree = "<group>";
		};
		2AECE5701FDDD71700FEEC14 /* Banking */ = {
			isa = PBXGroup;
			children = (
			);
			path = Banking;
			sourceTree = "<group>";
		};
		2AECE5711FDDD71D00FEEC14 /* BankServiceProviders */ = {
			isa = PBXGroup;
			children = (
				2AECE5721FDDD73500FEEC14 /* Shared */,
			);
			path = BankServiceProviders;
			sourceTree = "<group>";
		};
		2AECE5721FDDD73500FEEC14 /* Shared */ = {
			isa = PBXGroup;
			children = (
				2AECE5731FDDD73D00FEEC14 /* OAuth2 */,
			);
			path = Shared;
			sourceTree = "<group>";
		};
		2AECE5731FDDD73D00FEEC14 /* OAuth2 */ = {
			isa = PBXGroup;
			children = (
				2AECE5751FDDD7DB00FEEC14 /* DefaultOAuth2BankServiceProvider.swift */,
			);
			path = OAuth2;
			sourceTree = "<group>";
		};
		2AECE57B1FDDD9CA00FEEC14 /* Platform */ = {
			isa = PBXGroup;
			children = (
				2A58F0D01FE010030024D33E /* DeepLinkHandling */,
				2A58F0CE1FE00FC50024D33E /* Authentication */,
				2AECE5701FDDD71700FEEC14 /* Banking */,
				2AECE5711FDDD71D00FEEC14 /* BankServiceProviders */,
			);
			path = Platform;
			sourceTree = "<group>";
		};
		2AECE57C1FDDD9D100FEEC14 /* Domain */ = {
			isa = PBXGroup;
			children = (
				2A58F0951FDFDD370024D33E /* Authentication */,
				2AECE5831FDDDD4700FEEC14 /* Banking */,
				2A58F0A41FDFE16D0024D33E /* Connection */,
				2AECE57E1FDDD9FC00FEEC14 /* DeepLinkHandling */,
				2AECE55E1FDDCF4200FEEC14 /* Entities */,
			);
			path = Domain;
			sourceTree = "<group>";
		};
		2AECE57D1FDDD9F100FEEC14 /* Domain */ = {
			isa = PBXGroup;
			children = (
				2A58F09A1FDFDE390024D33E /* Authentication */,
				2A58F0B51FE003A20024D33E /* Banking */,
				2A58F0A71FDFE1B50024D33E /* Connection */,
				2A58F0AE1FE0027D0024D33E /* DeepLinkHandling */,
				2AECE56A1FDDD39300FEEC14 /* Entities */,
			);
			path = Domain;
			sourceTree = "<group>";
		};
		2AECE57E1FDDD9FC00FEEC14 /* DeepLinkHandling */ = {
			isa = PBXGroup;
			children = (
				2AECE57F1FDDDA3C00FEEC14 /* DeepLinkHandler.swift */,
			);
			path = DeepLinkHandling;
			sourceTree = "<group>";
		};
		2AECE5831FDDDD4700FEEC14 /* Banking */ = {
			isa = PBXGroup;
			children = (
				2A58F0981FDFDDA10024D33E /* SupportedBankServicesProvider.swift */,
			);
			path = Banking;
			sourceTree = "<group>";
		};
		3520F1182C91B46089F8CB0A /* Frameworks */ = {
			isa = PBXGroup;
			children = (
				2B0559B6D012B841B1F27C39 /* Pods_OBankingConnector.framework */,
				D42217200CE96E8FABF03F97 /* Pods_OBankingConnectorTests.framework */,
			);
			name = Frameworks;
			sourceTree = "<group>";
		};
		D1C38122FA65E2AA43CA6033 /* Pods */ = {
			isa = PBXGroup;
			children = (
				87C1E31F89EFE96FD2528286 /* Pods-OBankingConnector.debug.xcconfig */,
				1AC02DC9FEB83178885E671C /* Pods-OBankingConnector.release.xcconfig */,
				1ED8EEB6E8E4D11A08CD3FD6 /* Pods-OBankingConnectorTests.debug.xcconfig */,
				2E730EB8A52B89D35AB39571 /* Pods-OBankingConnectorTests.release.xcconfig */,
			);
			name = Pods;
			sourceTree = "<group>";
		};
/* End PBXGroup section */

/* Begin PBXHeadersBuildPhase section */
		2AECE5411FDDCF0000FEEC14 /* Headers */ = {
			isa = PBXHeadersBuildPhase;
			buildActionMask = 2147483647;
			files = (
				2AECE5551FDDCF0000FEEC14 /* OBankingConnector.h in Headers */,
			);
			runOnlyForDeploymentPostprocessing = 0;
		};
/* End PBXHeadersBuildPhase section */

/* Begin PBXNativeTarget section */
		2AECE5431FDDCF0000FEEC14 /* OBankingConnector */ = {
			isa = PBXNativeTarget;
			buildConfigurationList = 2AECE5581FDDCF0000FEEC14 /* Build configuration list for PBXNativeTarget "OBankingConnector" */;
			buildPhases = (
				2A58F0941FDFD2510024D33E /* Swiftlint */,
				9773B9F006883F950CBF920C /* [CP] Check Pods Manifest.lock */,
				2AECE53F1FDDCF0000FEEC14 /* Sources */,
				2AECE5401FDDCF0000FEEC14 /* Frameworks */,
				2AECE5411FDDCF0000FEEC14 /* Headers */,
				2AECE5421FDDCF0000FEEC14 /* Resources */,
				69BEC0C3272D1850119B2521 /* [CP] Copy Pods Resources */,
			);
			buildRules = (
			);
			dependencies = (
			);
			name = OBankingConnector;
			productName = OBankingConnector;
			productReference = 2AECE5441FDDCF0000FEEC14 /* OBankingConnector.framework */;
			productType = "com.apple.product-type.framework";
		};
		2AECE54C1FDDCF0000FEEC14 /* OBankingConnectorTests */ = {
			isa = PBXNativeTarget;
			buildConfigurationList = 2AECE55B1FDDCF0000FEEC14 /* Build configuration list for PBXNativeTarget "OBankingConnectorTests" */;
			buildPhases = (
				D95D02AEECC6E74774A7C874 /* [CP] Check Pods Manifest.lock */,
				2AECE5491FDDCF0000FEEC14 /* Sources */,
				2AECE54A1FDDCF0000FEEC14 /* Frameworks */,
				2AECE54B1FDDCF0000FEEC14 /* Resources */,
				A355241690D257B051ECC850 /* [CP] Embed Pods Frameworks */,
				C94C2DA54A6E71997FBEE644 /* [CP] Copy Pods Resources */,
			);
			buildRules = (
			);
			dependencies = (
				2AECE5501FDDCF0000FEEC14 /* PBXTargetDependency */,
			);
			name = OBankingConnectorTests;
			productName = OBankingConnectorTests;
			productReference = 2AECE54D1FDDCF0000FEEC14 /* OBankingConnectorTests.xctest */;
			productType = "com.apple.product-type.bundle.unit-test";
		};
/* End PBXNativeTarget section */

/* Begin PBXProject section */
		2AECE53B1FDDCF0000FEEC14 /* Project object */ = {
			isa = PBXProject;
			attributes = {
				LastSwiftUpdateCheck = 0920;
				LastUpgradeCheck = 0920;
				ORGANIZATIONNAME = "Kai Takac";
				TargetAttributes = {
					2AECE5431FDDCF0000FEEC14 = {
						CreatedOnToolsVersion = 9.2;
						LastSwiftMigration = 0920;
						ProvisioningStyle = Automatic;
					};
					2AECE54C1FDDCF0000FEEC14 = {
						CreatedOnToolsVersion = 9.2;
						LastSwiftMigration = 0920;
						ProvisioningStyle = Automatic;
					};
				};
			};
			buildConfigurationList = 2AECE53E1FDDCF0000FEEC14 /* Build configuration list for PBXProject "OBankingConnector" */;
			compatibilityVersion = "Xcode 8.0";
			developmentRegion = en;
			hasScannedForEncodings = 0;
			knownRegions = (
				en,
			);
			mainGroup = 2AECE53A1FDDCF0000FEEC14;
			productRefGroup = 2AECE5451FDDCF0000FEEC14 /* Products */;
			projectDirPath = "";
			projectRoot = "";
			targets = (
				2AECE5431FDDCF0000FEEC14 /* OBankingConnector */,
				2AECE54C1FDDCF0000FEEC14 /* OBankingConnectorTests */,
			);
		};
/* End PBXProject section */

/* Begin PBXResourcesBuildPhase section */
		2AECE5421FDDCF0000FEEC14 /* Resources */ = {
			isa = PBXResourcesBuildPhase;
			buildActionMask = 2147483647;
			files = (
			);
			runOnlyForDeploymentPostprocessing = 0;
		};
		2AECE54B1FDDCF0000FEEC14 /* Resources */ = {
			isa = PBXResourcesBuildPhase;
			buildActionMask = 2147483647;
			files = (
			);
			runOnlyForDeploymentPostprocessing = 0;
		};
/* End PBXResourcesBuildPhase section */

/* Begin PBXShellScriptBuildPhase section */
		2A58F0941FDFD2510024D33E /* Swiftlint */ = {
			isa = PBXShellScriptBuildPhase;
			buildActionMask = 2147483647;
			files = (
			);
			inputPaths = (
			);
			name = Swiftlint;
			outputPaths = (
			);
			runOnlyForDeploymentPostprocessing = 0;
			shellPath = /bin/sh;
			shellScript = "if which swiftlint >/dev/null; then\n    swiftlint\nelse\n    echo \"warning: SwiftLint not installed, download from https://github.com/realm/SwiftLint\"\nfi";
		};
		69BEC0C3272D1850119B2521 /* [CP] Copy Pods Resources */ = {
			isa = PBXShellScriptBuildPhase;
			buildActionMask = 2147483647;
			files = (
			);
			inputPaths = (
			);
			name = "[CP] Copy Pods Resources";
			outputPaths = (
			);
			runOnlyForDeploymentPostprocessing = 0;
			shellPath = /bin/sh;
			shellScript = "\"${SRCROOT}/Pods/Target Support Files/Pods-OBankingConnector/Pods-OBankingConnector-resources.sh\"\n";
			showEnvVarsInLog = 0;
		};
		9773B9F006883F950CBF920C /* [CP] Check Pods Manifest.lock */ = {
			isa = PBXShellScriptBuildPhase;
			buildActionMask = 2147483647;
			files = (
			);
			inputPaths = (
				"${PODS_PODFILE_DIR_PATH}/Podfile.lock",
				"${PODS_ROOT}/Manifest.lock",
			);
			name = "[CP] Check Pods Manifest.lock";
			outputPaths = (
				"$(DERIVED_FILE_DIR)/Pods-OBankingConnector-checkManifestLockResult.txt",
			);
			runOnlyForDeploymentPostprocessing = 0;
			shellPath = /bin/sh;
			shellScript = "diff \"${PODS_PODFILE_DIR_PATH}/Podfile.lock\" \"${PODS_ROOT}/Manifest.lock\" > /dev/null\nif [ $? != 0 ] ; then\n    # print error to STDERR\n    echo \"error: The sandbox is not in sync with the Podfile.lock. Run 'pod install' or update your CocoaPods installation.\" >&2\n    exit 1\nfi\n# This output is used by Xcode 'outputs' to avoid re-running this script phase.\necho \"SUCCESS\" > \"${SCRIPT_OUTPUT_FILE_0}\"\n";
			showEnvVarsInLog = 0;
		};
		A355241690D257B051ECC850 /* [CP] Embed Pods Frameworks */ = {
			isa = PBXShellScriptBuildPhase;
			buildActionMask = 2147483647;
			files = (
			);
			inputPaths = (
				"${SRCROOT}/Pods/Target Support Files/Pods-OBankingConnectorTests/Pods-OBankingConnectorTests-frameworks.sh",
				"${BUILT_PRODUCTS_DIR}/RxSwift/RxSwift.framework",
				"${BUILT_PRODUCTS_DIR}/RxBlocking/RxBlocking.framework",
				"${BUILT_PRODUCTS_DIR}/RxTest/RxTest.framework",
			);
			name = "[CP] Embed Pods Frameworks";
			outputPaths = (
				"${TARGET_BUILD_DIR}/${FRAMEWORKS_FOLDER_PATH}/RxSwift.framework",
				"${TARGET_BUILD_DIR}/${FRAMEWORKS_FOLDER_PATH}/RxBlocking.framework",
				"${TARGET_BUILD_DIR}/${FRAMEWORKS_FOLDER_PATH}/RxTest.framework",
			);
			runOnlyForDeploymentPostprocessing = 0;
			shellPath = /bin/sh;
			shellScript = "\"${SRCROOT}/Pods/Target Support Files/Pods-OBankingConnectorTests/Pods-OBankingConnectorTests-frameworks.sh\"\n";
			showEnvVarsInLog = 0;
		};
		C94C2DA54A6E71997FBEE644 /* [CP] Copy Pods Resources */ = {
			isa = PBXShellScriptBuildPhase;
			buildActionMask = 2147483647;
			files = (
			);
			inputPaths = (
			);
			name = "[CP] Copy Pods Resources";
			outputPaths = (
			);
			runOnlyForDeploymentPostprocessing = 0;
			shellPath = /bin/sh;
			shellScript = "\"${SRCROOT}/Pods/Target Support Files/Pods-OBankingConnectorTests/Pods-OBankingConnectorTests-resources.sh\"\n";
			showEnvVarsInLog = 0;
		};
		D95D02AEECC6E74774A7C874 /* [CP] Check Pods Manifest.lock */ = {
			isa = PBXShellScriptBuildPhase;
			buildActionMask = 2147483647;
			files = (
			);
			inputPaths = (
				"${PODS_PODFILE_DIR_PATH}/Podfile.lock",
				"${PODS_ROOT}/Manifest.lock",
			);
			name = "[CP] Check Pods Manifest.lock";
			outputPaths = (
				"$(DERIVED_FILE_DIR)/Pods-OBankingConnectorTests-checkManifestLockResult.txt",
			);
			runOnlyForDeploymentPostprocessing = 0;
			shellPath = /bin/sh;
			shellScript = "diff \"${PODS_PODFILE_DIR_PATH}/Podfile.lock\" \"${PODS_ROOT}/Manifest.lock\" > /dev/null\nif [ $? != 0 ] ; then\n    # print error to STDERR\n    echo \"error: The sandbox is not in sync with the Podfile.lock. Run 'pod install' or update your CocoaPods installation.\" >&2\n    exit 1\nfi\n# This output is used by Xcode 'outputs' to avoid re-running this script phase.\necho \"SUCCESS\" > \"${SCRIPT_OUTPUT_FILE_0}\"\n";
			showEnvVarsInLog = 0;
		};
/* End PBXShellScriptBuildPhase section */

/* Begin PBXSourcesBuildPhase section */
		2AECE53F1FDDCF0000FEEC14 /* Sources */ = {
			isa = PBXSourcesBuildPhase;
			buildActionMask = 2147483647;
			files = (
				2AECE59D1FDDE48500FEEC14 /* AmountSample.swift in Sources */,
				2AECE5A71FDDEA0700FEEC14 /* TransactionTextType.swift in Sources */,
				2A58F0971FDFDD4C0024D33E /* BankServiceProviderAuthenticationProvider.swift in Sources */,
				2A58F0C71FE00A800024D33E /* BankServiceConnectionInformation.swift in Sources */,
				2AECE5801FDDDA3C00FEEC14 /* DeepLinkHandler.swift in Sources */,
				2A58F0AB1FDFE44B0024D33E /* BankingRequestResult.swift in Sources */,
				2A58F0C91FE00B5D0024D33E /* BankServiceProviderConnector.swift in Sources */,
				2AECE5681FDDD28400FEEC14 /* Currency.swift in Sources */,
				2A58F0C51FE008E30024D33E /* IBANValidator.swift in Sources */,
				2AECE5641FDDD13900FEEC14 /* BankServiceProvider.swift in Sources */,
				2A58F0CB1FE00BD80024D33E /* OBankingConnector.swift in Sources */,
				2A58F0991FDFDDA10024D33E /* SupportedBankServicesProvider.swift in Sources */,
				2AECE5931FDDDFE300FEEC14 /* SepaAccountNumber.swift in Sources */,
				2A58F0A61FDFE1A70024D33E /* BankingRequest.swift in Sources */,
				2AECE5A11FDDE74C00FEEC14 /* ExchangeRateInformation.swift in Sources */,
				2A58F0CD1FE00BF30024D33E /* OBankingConnector+Configuration.swift in Sources */,
				2A58F0A21FDFDF020024D33E /* ConnectedBankServiceProvider.swift in Sources */,
				2AECE5971FDDE0DE00FEEC14 /* Amount.swift in Sources */,
				2AECE5871FDDDDFA00FEEC14 /* BankAccount.swift in Sources */,
				2AECE5621FDDD04500FEEC14 /* Bank.swift in Sources */,
				2AECE58F1FDDDF2300FEEC14 /* AccountNumber.swift in Sources */,
				2A58F0D21FE0101B0024D33E /* DefaultDeepLinkHandler.swift in Sources */,
				2AECE5991FDDE19300FEEC14 /* BankAccountType.swift in Sources */,
				2AECE5A51FDDE9B500FEEC14 /* Transaction.swift in Sources */,
				2A58F0D41FE012950024D33E /* DeepLinkProvider.swift in Sources */,
				2A58F09C1FDFDE540024D33E /* BankServiceProviderAuthenticationResult.swift in Sources */,
			);
			runOnlyForDeploymentPostprocessing = 0;
		};
		2AECE5491FDDCF0000FEEC14 /* Sources */ = {
			isa = PBXSourcesBuildPhase;
			buildActionMask = 2147483647;
			files = (
				2A58F0AD1FDFE6FA0024D33E /* BankingRequestResultTests.swift in Sources */,
				2AECE5911FDDDFC500FEEC14 /* SepaAccountNumberTests.swift in Sources */,
				2A58F09E1FDFDE5D0024D33E /* BankServiceProviderAuthenticationResultTests.swift in Sources */,
				2A58F0A91FDFE1CE0024D33E /* BankingRequestTests.swift in Sources */,
				2AECE56D1FDDD43200FEEC14 /* BankTests.swift in Sources */,
				2AECE59B1FDDE43F00FEEC14 /* AmountSampleTests.swift in Sources */,
				2A58F0B01FE002900024D33E /* DeepLinkHandlerTests.swift in Sources */,
				2AECE59F1FDDE6E400FEEC14 /* ExchangeRateInformationTests.swift in Sources */,
				2A58F0C21FE007E70024D33E /* AccountNumberMock.swift in Sources */,
				2A58F0931FDFD1040024D33E /* BankServiceProviderTests.swift in Sources */,
				2A58F0D81FE012D10024D33E /* DefaultDeepLinkHandlerTests.swift in Sources */,
				2AECE5A31FDDE90B00FEEC14 /* TransactionTests.swift in Sources */,
				2A58F0BD1FE004A70024D33E /* CurrencyTests.swift in Sources */,
				2A58F0B41FE003650024D33E /* ConnectedBankServiceProviderTests.swift in Sources */,
				2A58F0B71FE003B10024D33E /* SupportedBankServicesProviderTests.swift in Sources */,
				2A58F0B91FE003F50024D33E /* AccountNumberTests.swift in Sources */,
				2AECE58B1FDDDE8B00FEEC14 /* BankAccountTests.swift in Sources */,
				2A58F0BB1FE004430024D33E /* BankAccountTypeTests.swift in Sources */,
				2A58F0B21FE002F90024D33E /* BankServiceProviderAuthenticationProviderTests.swift in Sources */,
				2AECE5951FDDE07400FEEC14 /* AmountTests.swift in Sources */,
			);
			runOnlyForDeploymentPostprocessing = 0;
		};
/* End PBXSourcesBuildPhase section */

/* Begin PBXTargetDependency section */
		2AECE5501FDDCF0000FEEC14 /* PBXTargetDependency */ = {
			isa = PBXTargetDependency;
			target = 2AECE5431FDDCF0000FEEC14 /* OBankingConnector */;
			targetProxy = 2AECE54F1FDDCF0000FEEC14 /* PBXContainerItemProxy */;
		};
/* End PBXTargetDependency section */

/* Begin XCBuildConfiguration section */
		2AECE5561FDDCF0000FEEC14 /* Debug */ = {
			isa = XCBuildConfiguration;
			buildSettings = {
				ALWAYS_SEARCH_USER_PATHS = NO;
				CLANG_ANALYZER_NONNULL = YES;
				CLANG_ANALYZER_NUMBER_OBJECT_CONVERSION = YES_AGGRESSIVE;
				CLANG_CXX_LANGUAGE_STANDARD = "gnu++14";
				CLANG_CXX_LIBRARY = "libc++";
				CLANG_ENABLE_MODULES = YES;
				CLANG_ENABLE_OBJC_ARC = YES;
				CLANG_WARN_BLOCK_CAPTURE_AUTORELEASING = YES;
				CLANG_WARN_BOOL_CONVERSION = YES;
				CLANG_WARN_COMMA = YES;
				CLANG_WARN_CONSTANT_CONVERSION = YES;
				CLANG_WARN_DIRECT_OBJC_ISA_USAGE = YES_ERROR;
				CLANG_WARN_DOCUMENTATION_COMMENTS = YES;
				CLANG_WARN_EMPTY_BODY = YES;
				CLANG_WARN_ENUM_CONVERSION = YES;
				CLANG_WARN_INFINITE_RECURSION = YES;
				CLANG_WARN_INT_CONVERSION = YES;
				CLANG_WARN_NON_LITERAL_NULL_CONVERSION = YES;
				CLANG_WARN_OBJC_LITERAL_CONVERSION = YES;
				CLANG_WARN_OBJC_ROOT_CLASS = YES_ERROR;
				CLANG_WARN_RANGE_LOOP_ANALYSIS = YES;
				CLANG_WARN_STRICT_PROTOTYPES = YES;
				CLANG_WARN_SUSPICIOUS_MOVE = YES;
				CLANG_WARN_UNGUARDED_AVAILABILITY = YES_AGGRESSIVE;
				CLANG_WARN_UNREACHABLE_CODE = YES;
				CLANG_WARN__DUPLICATE_METHOD_MATCH = YES;
				CODE_SIGN_IDENTITY = "iPhone Developer";
				COPY_PHASE_STRIP = NO;
				CURRENT_PROJECT_VERSION = 1;
				DEBUG_INFORMATION_FORMAT = dwarf;
				ENABLE_STRICT_OBJC_MSGSEND = YES;
				ENABLE_TESTABILITY = YES;
				GCC_C_LANGUAGE_STANDARD = gnu11;
				GCC_DYNAMIC_NO_PIC = NO;
				GCC_NO_COMMON_BLOCKS = YES;
				GCC_OPTIMIZATION_LEVEL = 0;
				GCC_PREPROCESSOR_DEFINITIONS = (
					"DEBUG=1",
					"$(inherited)",
				);
				GCC_WARN_64_TO_32_BIT_CONVERSION = YES;
				GCC_WARN_ABOUT_RETURN_TYPE = YES_ERROR;
				GCC_WARN_UNDECLARED_SELECTOR = YES;
				GCC_WARN_UNINITIALIZED_AUTOS = YES_AGGRESSIVE;
				GCC_WARN_UNUSED_FUNCTION = YES;
				GCC_WARN_UNUSED_VARIABLE = YES;
				IPHONEOS_DEPLOYMENT_TARGET = 11.2;
				MTL_ENABLE_DEBUG_INFO = YES;
				ONLY_ACTIVE_ARCH = YES;
				SDKROOT = iphoneos;
				SWIFT_ACTIVE_COMPILATION_CONDITIONS = DEBUG;
				SWIFT_OPTIMIZATION_LEVEL = "-Onone";
				VERSIONING_SYSTEM = "apple-generic";
				VERSION_INFO_PREFIX = "";
			};
			name = Debug;
		};
		2AECE5571FDDCF0000FEEC14 /* Release */ = {
			isa = XCBuildConfiguration;
			buildSettings = {
				ALWAYS_SEARCH_USER_PATHS = NO;
				CLANG_ANALYZER_NONNULL = YES;
				CLANG_ANALYZER_NUMBER_OBJECT_CONVERSION = YES_AGGRESSIVE;
				CLANG_CXX_LANGUAGE_STANDARD = "gnu++14";
				CLANG_CXX_LIBRARY = "libc++";
				CLANG_ENABLE_MODULES = YES;
				CLANG_ENABLE_OBJC_ARC = YES;
				CLANG_WARN_BLOCK_CAPTURE_AUTORELEASING = YES;
				CLANG_WARN_BOOL_CONVERSION = YES;
				CLANG_WARN_COMMA = YES;
				CLANG_WARN_CONSTANT_CONVERSION = YES;
				CLANG_WARN_DIRECT_OBJC_ISA_USAGE = YES_ERROR;
				CLANG_WARN_DOCUMENTATION_COMMENTS = YES;
				CLANG_WARN_EMPTY_BODY = YES;
				CLANG_WARN_ENUM_CONVERSION = YES;
				CLANG_WARN_INFINITE_RECURSION = YES;
				CLANG_WARN_INT_CONVERSION = YES;
				CLANG_WARN_NON_LITERAL_NULL_CONVERSION = YES;
				CLANG_WARN_OBJC_LITERAL_CONVERSION = YES;
				CLANG_WARN_OBJC_ROOT_CLASS = YES_ERROR;
				CLANG_WARN_RANGE_LOOP_ANALYSIS = YES;
				CLANG_WARN_STRICT_PROTOTYPES = YES;
				CLANG_WARN_SUSPICIOUS_MOVE = YES;
				CLANG_WARN_UNGUARDED_AVAILABILITY = YES_AGGRESSIVE;
				CLANG_WARN_UNREACHABLE_CODE = YES;
				CLANG_WARN__DUPLICATE_METHOD_MATCH = YES;
				CODE_SIGN_IDENTITY = "iPhone Developer";
				COPY_PHASE_STRIP = NO;
				CURRENT_PROJECT_VERSION = 1;
				DEBUG_INFORMATION_FORMAT = "dwarf-with-dsym";
				ENABLE_NS_ASSERTIONS = NO;
				ENABLE_STRICT_OBJC_MSGSEND = YES;
				GCC_C_LANGUAGE_STANDARD = gnu11;
				GCC_NO_COMMON_BLOCKS = YES;
				GCC_WARN_64_TO_32_BIT_CONVERSION = YES;
				GCC_WARN_ABOUT_RETURN_TYPE = YES_ERROR;
				GCC_WARN_UNDECLARED_SELECTOR = YES;
				GCC_WARN_UNINITIALIZED_AUTOS = YES_AGGRESSIVE;
				GCC_WARN_UNUSED_FUNCTION = YES;
				GCC_WARN_UNUSED_VARIABLE = YES;
				IPHONEOS_DEPLOYMENT_TARGET = 11.2;
				MTL_ENABLE_DEBUG_INFO = NO;
				SDKROOT = iphoneos;
				SWIFT_OPTIMIZATION_LEVEL = "-Owholemodule";
				VALIDATE_PRODUCT = YES;
				VERSIONING_SYSTEM = "apple-generic";
				VERSION_INFO_PREFIX = "";
			};
			name = Release;
		};
		2AECE5591FDDCF0000FEEC14 /* Debug */ = {
			isa = XCBuildConfiguration;
			baseConfigurationReference = 87C1E31F89EFE96FD2528286 /* Pods-OBankingConnector.debug.xcconfig */;
			buildSettings = {
				CLANG_ENABLE_MODULES = YES;
				CODE_SIGN_IDENTITY = "";
				CODE_SIGN_STYLE = Automatic;
				DEFINES_MODULE = YES;
				DYLIB_COMPATIBILITY_VERSION = 1;
				DYLIB_CURRENT_VERSION = 1;
				DYLIB_INSTALL_NAME_BASE = "@rpath";
				INFOPLIST_FILE = "OBankingConnector/Supporting Files/Info.plist";
				INSTALL_PATH = "$(LOCAL_LIBRARY_DIR)/Frameworks";
				LD_RUNPATH_SEARCH_PATHS = "$(inherited) @executable_path/Frameworks @loader_path/Frameworks";
				PRODUCT_BUNDLE_IDENTIFIER = org.obanking.OBankingConnector;
				PRODUCT_NAME = "$(TARGET_NAME:c99extidentifier)";
				SKIP_INSTALL = YES;
				SWIFT_OPTIMIZATION_LEVEL = "-Onone";
				SWIFT_VERSION = 4.0;
				TARGETED_DEVICE_FAMILY = "1,2";
			};
			name = Debug;
		};
		2AECE55A1FDDCF0000FEEC14 /* Release */ = {
			isa = XCBuildConfiguration;
			baseConfigurationReference = 1AC02DC9FEB83178885E671C /* Pods-OBankingConnector.release.xcconfig */;
			buildSettings = {
				CLANG_ENABLE_MODULES = YES;
				CODE_SIGN_IDENTITY = "";
				CODE_SIGN_STYLE = Automatic;
				DEFINES_MODULE = YES;
				DYLIB_COMPATIBILITY_VERSION = 1;
				DYLIB_CURRENT_VERSION = 1;
				DYLIB_INSTALL_NAME_BASE = "@rpath";
				INFOPLIST_FILE = "OBankingConnector/Supporting Files/Info.plist";
				INSTALL_PATH = "$(LOCAL_LIBRARY_DIR)/Frameworks";
				LD_RUNPATH_SEARCH_PATHS = "$(inherited) @executable_path/Frameworks @loader_path/Frameworks";
				PRODUCT_BUNDLE_IDENTIFIER = org.obanking.OBankingConnector;
				PRODUCT_NAME = "$(TARGET_NAME:c99extidentifier)";
				SKIP_INSTALL = YES;
				SWIFT_VERSION = 4.0;
				TARGETED_DEVICE_FAMILY = "1,2";
			};
			name = Release;
		};
		2AECE55C1FDDCF0000FEEC14 /* Debug */ = {
			isa = XCBuildConfiguration;
			baseConfigurationReference = 1ED8EEB6E8E4D11A08CD3FD6 /* Pods-OBankingConnectorTests.debug.xcconfig */;
			buildSettings = {
				ALWAYS_EMBED_SWIFT_STANDARD_LIBRARIES = YES;
				CLANG_ENABLE_MODULES = YES;
				CODE_SIGN_STYLE = Automatic;
				INFOPLIST_FILE = "Tests/Supporting Files/Info.plist";
				LD_RUNPATH_SEARCH_PATHS = "$(inherited) @executable_path/Frameworks @loader_path/Frameworks";
				PRODUCT_BUNDLE_IDENTIFIER = org.obanking.OBankingConnectorTests;
				PRODUCT_NAME = "$(TARGET_NAME)";
				SWIFT_OBJC_BRIDGING_HEADER = "Tests/Supporting Files/OBankingConnectorTests-Bridging-Header.h";
				SWIFT_OPTIMIZATION_LEVEL = "-Onone";
				SWIFT_VERSION = 4.0;
				TARGETED_DEVICE_FAMILY = "1,2";
			};
			name = Debug;
		};
		2AECE55D1FDDCF0000FEEC14 /* Release */ = {
			isa = XCBuildConfiguration;
			baseConfigurationReference = 2E730EB8A52B89D35AB39571 /* Pods-OBankingConnectorTests.release.xcconfig */;
			buildSettings = {
				ALWAYS_EMBED_SWIFT_STANDARD_LIBRARIES = YES;
				CLANG_ENABLE_MODULES = YES;
				CODE_SIGN_STYLE = Automatic;
				INFOPLIST_FILE = "Tests/Supporting Files/Info.plist";
				LD_RUNPATH_SEARCH_PATHS = "$(inherited) @executable_path/Frameworks @loader_path/Frameworks";
				PRODUCT_BUNDLE_IDENTIFIER = org.obanking.OBankingConnectorTests;
				PRODUCT_NAME = "$(TARGET_NAME)";
				SWIFT_OBJC_BRIDGING_HEADER = "Tests/Supporting Files/OBankingConnectorTests-Bridging-Header.h";
				SWIFT_VERSION = 4.0;
				TARGETED_DEVICE_FAMILY = "1,2";
			};
			name = Release;
		};
/* End XCBuildConfiguration section */

/* Begin XCConfigurationList section */
		2AECE53E1FDDCF0000FEEC14 /* Build configuration list for PBXProject "OBankingConnector" */ = {
			isa = XCConfigurationList;
			buildConfigurations = (
				2AECE5561FDDCF0000FEEC14 /* Debug */,
				2AECE5571FDDCF0000FEEC14 /* Release */,
			);
			defaultConfigurationIsVisible = 0;
			defaultConfigurationName = Release;
		};
		2AECE5581FDDCF0000FEEC14 /* Build configuration list for PBXNativeTarget "OBankingConnector" */ = {
			isa = XCConfigurationList;
			buildConfigurations = (
				2AECE5591FDDCF0000FEEC14 /* Debug */,
				2AECE55A1FDDCF0000FEEC14 /* Release */,
			);
			defaultConfigurationIsVisible = 0;
			defaultConfigurationName = Release;
		};
		2AECE55B1FDDCF0000FEEC14 /* Build configuration list for PBXNativeTarget "OBankingConnectorTests" */ = {
			isa = XCConfigurationList;
			buildConfigurations = (
				2AECE55C1FDDCF0000FEEC14 /* Debug */,
				2AECE55D1FDDCF0000FEEC14 /* Release */,
			);
			defaultConfigurationIsVisible = 0;
			defaultConfigurationName = Release;
		};
/* End XCConfigurationList section */
	};
	rootObject = 2AECE53B1FDDCF0000FEEC14 /* Project object */;
}
